
Microsoft Visual Studio Solution File, Format Version 12.00
# Visual Studio 15
VisualStudioVersion = 15.0.26730.12
MinimumVisualStudioVersion = 10.0.40219.1
Project("{2150E333-8FDC-42A3-9474-1A3956D46DE8}") = "Core", "Core", "{F31F64A4-7DB8-443B-A89F-EC4874683354}"
EndProject
Project("{2150E333-8FDC-42A3-9474-1A3956D46DE8}") = "CurrencyCore", "CurrencyCore", "{FD8BF0CA-D667-4AA1-BFB2-A55BA2E06336}"
EndProject
Project("{2150E333-8FDC-42A3-9474-1A3956D46DE8}") = "Exchanges", "Exchanges", "{44477E87-BE17-4E11-9043-02FFD65B0088}"
EndProject
Project("{2150E333-8FDC-42A3-9474-1A3956D46DE8}") = "Core", "Core", "{B28DC8F0-131F-461C-9EE3-7496F633AD20}"
EndProject
Project("{FAE04EC0-301F-11D3-BF4B-00C04F79EFBC}") = "Core", "Core\Core.csproj", "{4BE043E2-6107-4ECF-A3E5-4BE02F28C136}"
EndProject
Project("{FAE04EC0-301F-11D3-BF4B-00C04F79EFBC}") = "CurrencyCore", "CurrencyCore\CurrencyCore.csproj", "{C148270D-17BE-4C84-BA25-C6F4FF47F360}"
EndProject
Project("{FAE04EC0-301F-11D3-BF4B-00C04F79EFBC}") = "Exchanges", "Exchanges\Exchanges.csproj", "{F31C11EF-F0F3-4B5D-AB01-2167703631EE}"
EndProject
Project("{FAE04EC0-301F-11D3-BF4B-00C04F79EFBC}") = "ExchangesCore", "Exchanges\Core\ExchangesCore.csproj", "{3B10B9F8-2698-4EEC-B661-308B2E54423D}"
EndProject
Project("{2150E333-8FDC-42A3-9474-1A3956D46DE8}") = "Logging", "Logging", "{4D855C03-C9CE-487A-9402-47BBDE6942E7}"
EndProject
Project("{FAE04EC0-301F-11D3-BF4B-00C04F79EFBC}") = "Logging", "Logging\Logging.csproj", "{AA3272DA-CB38-41A6-AB7C-662369B9332E}"
EndProject
Project("{FAE04EC0-301F-11D3-BF4B-00C04F79EFBC}") = "PoloniexLendingBot", "PoloniexLendingBot\PoloniexLendingBot.csproj", "{8E0F7103-AFD1-460F-B27B-BFA4C4FC96A7}"
EndProject
Project("{FAE04EC0-301F-11D3-BF4B-00C04F79EFBC}") = "AutomatedTradingBot", "AutomatedTradingBot\AutomatedTradingBot.csproj", "{A3A4D5F4-3125-4CDD-8744-1627E85CC654}"
EndProject
Global
	GlobalSection(SolutionConfigurationPlatforms) = preSolution
		Debug|Any CPU = Debug|Any CPU
		Release|Any CPU = Release|Any CPU
	EndGlobalSection
	GlobalSection(ProjectConfigurationPlatforms) = postSolution
		{4BE043E2-6107-4ECF-A3E5-4BE02F28C136}.Debug|Any CPU.ActiveCfg = Debug|Any CPU
		{4BE043E2-6107-4ECF-A3E5-4BE02F28C136}.Debug|Any CPU.Build.0 = Debug|Any CPU
		{4BE043E2-6107-4ECF-A3E5-4BE02F28C136}.Release|Any CPU.ActiveCfg = Release|Any CPU
		{4BE043E2-6107-4ECF-A3E5-4BE02F28C136}.Release|Any CPU.Build.0 = Release|Any CPU
		{C148270D-17BE-4C84-BA25-C6F4FF47F360}.Debug|Any CPU.ActiveCfg = Debug|Any CPU
		{C148270D-17BE-4C84-BA25-C6F4FF47F360}.Debug|Any CPU.Build.0 = Debug|Any CPU
		{C148270D-17BE-4C84-BA25-C6F4FF47F360}.Release|Any CPU.ActiveCfg = Release|Any CPU
		{C148270D-17BE-4C84-BA25-C6F4FF47F360}.Release|Any CPU.Build.0 = Release|Any CPU
		{F31C11EF-F0F3-4B5D-AB01-2167703631EE}.Debug|Any CPU.ActiveCfg = Debug|Any CPU
		{F31C11EF-F0F3-4B5D-AB01-2167703631EE}.Debug|Any CPU.Build.0 = Debug|Any CPU
		{F31C11EF-F0F3-4B5D-AB01-2167703631EE}.Release|Any CPU.ActiveCfg = Release|Any CPU
		{F31C11EF-F0F3-4B5D-AB01-2167703631EE}.Release|Any CPU.Build.0 = Release|Any CPU
		{3B10B9F8-2698-4EEC-B661-308B2E54423D}.Debug|Any CPU.ActiveCfg = Debug|Any CPU
		{3B10B9F8-2698-4EEC-B661-308B2E54423D}.Debug|Any CPU.Build.0 = Debug|Any CPU
		{3B10B9F8-2698-4EEC-B661-308B2E54423D}.Release|Any CPU.ActiveCfg = Release|Any CPU
		{3B10B9F8-2698-4EEC-B661-308B2E54423D}.Release|Any CPU.Build.0 = Release|Any CPU
		{AA3272DA-CB38-41A6-AB7C-662369B9332E}.Debug|Any CPU.ActiveCfg = Debug|Any CPU
		{AA3272DA-CB38-41A6-AB7C-662369B9332E}.Debug|Any CPU.Build.0 = Debug|Any CPU
		{AA3272DA-CB38-41A6-AB7C-662369B9332E}.Release|Any CPU.ActiveCfg = Release|Any CPU
		{AA3272DA-CB38-41A6-AB7C-662369B9332E}.Release|Any CPU.Build.0 = Release|Any CPU
		{8E0F7103-AFD1-460F-B27B-BFA4C4FC96A7}.Debug|Any CPU.ActiveCfg = Debug|Any CPU
		{8E0F7103-AFD1-460F-B27B-BFA4C4FC96A7}.Debug|Any CPU.Build.0 = Debug|Any CPU
		{8E0F7103-AFD1-460F-B27B-BFA4C4FC96A7}.Release|Any CPU.ActiveCfg = Release|Any CPU
		{8E0F7103-AFD1-460F-B27B-BFA4C4FC96A7}.Release|Any CPU.Build.0 = Release|Any CPU
		{A3A4D5F4-3125-4CDD-8744-1627E85CC654}.Debug|Any CPU.ActiveCfg = Debug|Any CPU
		{A3A4D5F4-3125-4CDD-8744-1627E85CC654}.Debug|Any CPU.Build.0 = Debug|Any CPU
		{A3A4D5F4-3125-4CDD-8744-1627E85CC654}.Release|Any CPU.ActiveCfg = Release|Any CPU
		{A3A4D5F4-3125-4CDD-8744-1627E85CC654}.Release|Any CPU.Build.0 = Release|Any CPU
	EndGlobalSection
	GlobalSection(SolutionProperties) = preSolution
		HideSolutionNode = FALSE
	EndGlobalSection
	GlobalSection(NestedProjects) = preSolution
		{B28DC8F0-131F-461C-9EE3-7496F633AD20} = {44477E87-BE17-4E11-9043-02FFD65B0088}
		{4BE043E2-6107-4ECF-A3E5-4BE02F28C136} = {F31F64A4-7DB8-443B-A89F-EC4874683354}
		{C148270D-17BE-4C84-BA25-C6F4FF47F360} = {FD8BF0CA-D667-4AA1-BFB2-A55BA2E06336}
		{F31C11EF-F0F3-4B5D-AB01-2167703631EE} = {44477E87-BE17-4E11-9043-02FFD65B0088}
		{3B10B9F8-2698-4EEC-B661-308B2E54423D} = {B28DC8F0-131F-461C-9EE3-7496F633AD20}
		{AA3272DA-CB38-41A6-AB7C-662369B9332E} = {4D855C03-C9CE-487A-9402-47BBDE6942E7}
	EndGlobalSection
	GlobalSection(ExtensibilityGlobals) = postSolution
		SolutionGuid = {23AE823D-8E69-40B2-B1A5-C9CCCA9885D0}
	EndGlobalSection
EndGlobal
